
Microsoft Visual Studio Solution File, Format Version 12.00
# Visual Studio Version 16
VisualStudioVersion = 16.0.30104.148
MinimumVisualStudioVersion = 10.0.40219.1
Project("{FAE04EC0-301F-11D3-BF4B-00C04F79EFBC}") = "DotNetCoreWithRedis", "DotNetCoreWithRedis\DotNetCoreWithRedis.csproj", "{60552D05-E49D-4250-9122-CCA6871E1D0E}"
EndProject
Global
	GlobalSection(SolutionConfigurationPlatforms) = preSolution
		Debug|Any CPU = Debug|Any CPU
		Release|Any CPU = Release|Any CPU
	EndGlobalSection
	GlobalSection(ProjectConfigurationPlatforms) = postSolution
		{60552D05-E49D-4250-9122-CCA6871E1D0E}.Debug|Any CPU.ActiveCfg = Debug|Any CPU
		{60552D05-E49D-4250-9122-CCA6871E1D0E}.Debug|Any CPU.Build.0 = Debug|Any CPU
		{60552D05-E49D-4250-9122-CCA6871E1D0E}.Release|Any CPU.ActiveCfg = Release|Any CPU
		{60552D05-E49D-4250-9122-CCA6871E1D0E}.Release|Any CPU.Build.0 = Release|Any CPU
	EndGlobalSection
	GlobalSection(SolutionProperties) = preSolution
		HideSolutionNode = FALSE
	EndGlobalSection
	GlobalSection(ExtensibilityGlobals) = postSolution
		SolutionGuid = {9959E092-E82E-4D6A-AEE6-25D8EF0164D9}
	EndGlobalSection
EndGlobal
